
Microsoft Visual Studio Solution File, Format Version 12.00
# Visual Studio Version 16
VisualStudioVersion = 16.0.30225.117
MinimumVisualStudioVersion = 10.0.40219.1
Project("{9A19103F-16F7-4668-BE54-9A1E7A4F7556}") = "ContosoCrafts.WebSite", "ContosoCrafts.WebSite\ContosoCrafts.WebSite.csproj", "{0862F19C-6117-4EBE-B359-D8340BE500CE}"
EndProject
Global
	GlobalSection(SolutionConfigurationPlatforms) = preSolution
		Debug|Any CPU = Debug|Any CPU
		Release|Any CPU = Release|Any CPU
	EndGlobalSection
	GlobalSection(ProjectConfigurationPlatforms) = postSolution
		{0862F19C-6117-4EBE-B359-D8340BE500CE}.Debug|Any CPU.ActiveCfg = Debug|Any CPU
		{0862F19C-6117-4EBE-B359-D8340BE500CE}.Debug|Any CPU.Build.0 = Debug|Any CPU
		{0862F19C-6117-4EBE-B359-D8340BE500CE}.Release|Any CPU.ActiveCfg = Release|Any CPU
		{0862F19C-6117-4EBE-B359-D8340BE500CE}.Release|Any CPU.Build.0 = Release|Any CPU
	EndGlobalSection
	GlobalSection(SolutionProperties) = preSolution
		HideSolutionNode = FALSE
	EndGlobalSection
	GlobalSection(ExtensibilityGlobals) = postSolution
		SolutionGuid = {B88F4D9D-1E2C-43C6-80DA-5B6C044878DF}
	EndGlobalSection
EndGlobal
